{
    "name": "linkyard",
    "version": "0.2.1",
    "lockfileVersion": 3,
    "requires": true,
    "packages": {
        "": {
            "name": "linkyard",
            "version": "0.2.1",
            "license": "MIT",
            "dependencies": {
                "oj-designsystem": "0.1.0"
            },
            "devDependencies": {
                "@playwright/test": "1.64.0"
            },
            "engines": {
                "node": ">=22.12.0"
            }
        },
        "node_modules/@fortawesome/fontawesome-free": {
            "version": "7.3.1",
            "resolved": "https://registry.npmjs.org/@fortawesome/fontawesome-free/-/fontawesome-free-7.3.1.tgz",
            "integrity": "sha512-wmglKKPDIkgV3aWlZzWECCPoGIkYCulzBwxG9+w7rc5BGapZ6cPMpoPOT8k36J0Ni7PPX6c/rsoMWfS4d1MUMg==",
            "license": "(CC-BY-4.0 AND OFL-1.1 AND MIT)",
            "engines": {
                "node": ">=6"
            }
        },
        "node_modules/@playwright/test": {
            "version": "1.64.0",
            "resolved": "https://registry.npmjs.org/@playwright/test/-/test-1.64.0.tgz",
            "integrity": "sha512-oTN9FNYuN6bqQMwiho6jJKLCG2/QOYCixGXuCjRmzOq23eODeukuY2XiAVoVpAECbuezMt1MHQjAiQxK8F+Y+g==",
            "dev": true,
            "license": "Apache-2.0",
            "dependencies": {
                "playwright": "1.64.0"
            },
            "bin": {
                "playwright": "cli.js"
            },
            "engines": {
                "node": ">=20"
            }
        },
        "node_modules/oj-designsystem": {
            "version": "0.1.0",
            "resolved": "https://registry.npmjs.org/oj-designsystem/-/oj-designsystem-0.1.0.tgz",
            "integrity": "sha512-DtIBRz/ug0GnT3jC39/FMgrSWUFTWsWdTBB2GmxiEpawD/yK/IeXvfv3fX/ElR53SU74x8BZQxGrK+4Z6P7qPQ==",
            "license": "MIT",
            "dependencies": {
                "@fortawesome/fontawesome-free": "7.3.1"
            },
            "engines": {
                "node": ">=22.12.0"
            }
        },
        "node_modules/playwright": {
            "version": "1.64.0",
            "resolved": "https://registry.npmjs.org/playwright/-/playwright-1.64.0.tgz",
            "integrity": "sha512-kVzTnYFYEyQ9RGzBjNCd2+yEqWmVbxl3AHPynv3qQ6JTjv4a+kwRcnqQwIpuP3NnrnIrE/Q6wWAIAvMfIE2/Yg==",
            "dev": true,
            "license": "Apache-2.0",
            "dependencies": {
                "playwright-core": "1.64.0"
            },
            "bin": {
                "playwright": "cli.js"
            },
            "engines": {
                "node": ">=20"
            }
        },
        "node_modules/playwright-core": {
            "version": "1.64.0",
            "resolved": "https://registry.npmjs.org/playwright-core/-/playwright-core-1.64.0.tgz",
            "integrity": "sha512-T9r+MZkTECl2+oUcZ26YgZzTrYidTsIhYYkJix+6iDOymOb1FB2RLLSOxRGnZGv5DStt+aduIVbt+E8WygXYpg==",
            "dev": true,
            "license": "Apache-2.0",
            "bin": {
                "playwright-core": "cli.js"
            },
            "engines": {
                "node": ">=20"
            }
        }
    }
}
